
Microsoft Visual Studio Solution File, Format Version 12.00
# Visual Studio Version 17
VisualStudioVersion = 17.12.35527.113
MinimumVisualStudioVersion = 10.0.40219.1
Project("{FAE04EC0-301F-11D3-BF4B-00C04F79EFBC}") = "IntroditionTODOTNET", "IntroditionTODOTNET\IntroditionTODOTNET.csproj", "{F5DE0309-5FB6-4200-83A0-6F38DC01CCA9}"
EndProject
Project("{FAE04EC0-301F-11D3-BF4B-00C04F79EFBC}") = "Solution", "Solution\Solution.csproj", "{370C79B3-D4D3-4017-8A8D-A5E9F0C4BA49}"
EndProject
Project("{FAE04EC0-301F-11D3-BF4B-00C04F79EFBC}") = "Calc", "Calc\Calc.csproj", "{02B1B760-57EA-442D-8E77-5AF202967BC2}"
EndProject
Global
	GlobalSection(SolutionConfigurationPlatforms) = preSolution
		Debug|Any CPU = Debug|Any CPU
		Release|Any CPU = Release|Any CPU
	EndGlobalSection
	GlobalSection(ProjectConfigurationPlatforms) = postSolution
		{F5DE0309-5FB6-4200-83A0-6F38DC01CCA9}.Debug|Any CPU.ActiveCfg = Debug|Any CPU
		{F5DE0309-5FB6-4200-83A0-6F38DC01CCA9}.Debug|Any CPU.Build.0 = Debug|Any CPU
		{F5DE0309-5FB6-4200-83A0-6F38DC01CCA9}.Release|Any CPU.ActiveCfg = Release|Any CPU
		{F5DE0309-5FB6-4200-83A0-6F38DC01CCA9}.Release|Any CPU.Build.0 = Release|Any CPU
		{370C79B3-D4D3-4017-8A8D-A5E9F0C4BA49}.Debug|Any CPU.ActiveCfg = Debug|Any CPU
		{370C79B3-D4D3-4017-8A8D-A5E9F0C4BA49}.Debug|Any CPU.Build.0 = Debug|Any CPU
		{370C79B3-D4D3-4017-8A8D-A5E9F0C4BA49}.Release|Any CPU.ActiveCfg = Release|Any CPU
		{370C79B3-D4D3-4017-8A8D-A5E9F0C4BA49}.Release|Any CPU.Build.0 = Release|Any CPU
		{02B1B760-57EA-442D-8E77-5AF202967BC2}.Debug|Any CPU.ActiveCfg = Debug|Any CPU
		{02B1B760-57EA-442D-8E77-5AF202967BC2}.Debug|Any CPU.Build.0 = Debug|Any CPU
		{02B1B760-57EA-442D-8E77-5AF202967BC2}.Release|Any CPU.ActiveCfg = Release|Any CPU
		{02B1B760-57EA-442D-8E77-5AF202967BC2}.Release|Any CPU.Build.0 = Release|Any CPU
	EndGlobalSection
	GlobalSection(SolutionProperties) = preSolution
		HideSolutionNode = FALSE
	EndGlobalSection
EndGlobal
